Microsoft Visual Studio Solution File, Format Version 12.00
# Visual Studio 15
VisualStudioVersion = 15.0.26730.8
MinimumVisualStudioVersion = 10.0.40219.1
Project("{2150E333-8FDC-42A3-9474-1A3956D46DE8}") = "Src", "Src", "{FAFAAA3B-5C76-4A2D-947B-BF44794E01A1}"
EndProject
Project("{2150E333-8FDC-42A3-9474-1A3956D46DE8}") = "Tests", "Tests", "{A4D15232-2172-4D84-9710-E9400A7232BA}"
EndProject
Project("{9A19103F-16F7-4668-BE54-9A1E7A4F7556}") = "IocServiceStack", "Src\IocServiceStack\IocServiceStack.csproj", "{D67657B6-0A6C-443B-8264-670B82A8500C}"
EndProject
Project("{9A19103F-16F7-4668-BE54-9A1E7A4F7556}") = "BusinessContractLibrary", "Tests\BusinessContractLibrary\BusinessContractLibrary.csproj", "{2B533ABC-0FA4-4BC4-864B-1A0642762393}"
EndProject
Project("{9A19103F-16F7-4668-BE54-9A1E7A4F7556}") = "BusinessServiceLibrary", "Tests\BusinessServiceLibrary\BusinessServiceLibrary.csproj", "{F9D51A65-7F4B-4C60-B0D6-50164185A5D6}"
EndProject
Project("{9A19103F-16F7-4668-BE54-9A1E7A4F7556}") = "DataContractLibrary", "Tests\DataContractLibrary\DataContractLibrary.csproj", "{5D4AA570-7D20-43E4-BD02-4C343F48FD7D}"
EndProject
Project("{9A19103F-16F7-4668-BE54-9A1E7A4F7556}") = "DataServiceLibrary", "Tests\DataServiceLibrary\DataServiceLibrary.csproj", "{D9A91FE2-B52B-45FF-8BEC-4968C734574C}"
EndProject
Project("{9A19103F-16F7-4668-BE54-9A1E7A4F7556}") = "IocServiceStack.Tests", "Tests\IocServiceStack.Tests\IocServiceStack.Tests.csproj", "{60ADD522-4A13-4EF1-B99D-D111CD83332E}"
EndProject
Project("{9A19103F-16F7-4668-BE54-9A1E7A4F7556}") = "RepositoryServiceLibrary", "Tests\RepositoryServiceLibrary\RepositoryServiceLibrary.csproj", "{ADC3A3AA-7F56-4D4D-A4C1-72DD569AFF6E}"
EndProject
Project("{9A19103F-16F7-4668-BE54-9A1E7A4F7556}") = "Models", "Tests\Models\Models.csproj", "{75BAD0D9-D099-48D5-9763-26FA99AA9F5D}"
EndProject
Project("{9A19103F-16F7-4668-BE54-9A1E7A4F7556}") = "RepositoryContractLibrary", "Tests\RepositoryContractLibrary\RepositoryContractLibrary.csproj", "{4821E308-B24C-4BBD-A4E5-2C903B408136}"
EndProject
Global
	GlobalSection(SolutionConfigurationPlatforms) = preSolution
		Debug|Any CPU = Debug|Any CPU
		Debug|x64 = Debug|x64
		Debug|x86 = Debug|x86
		Release|Any CPU = Release|Any CPU
		Release|x64 = Release|x64
		Release|x86 = Release|x86
	EndGlobalSection
	GlobalSection(ProjectConfigurationPlatforms) = postSolution
		{D67657B6-0A6C-443B-8264-670B82A8500C}.Debug|Any CPU.ActiveCfg = Debug|Any CPU
		{D67657B6-0A6C-443B-8264-670B82A8500C}.Debug|Any CPU.Build.0 = Debug|Any CPU
		{D67657B6-0A6C-443B-8264-670B82A8500C}.Debug|x64.ActiveCfg = Debug|Any CPU
		{D67657B6-0A6C-443B-8264-670B82A8500C}.Debug|x64.Build.0 = Debug|Any CPU
		{D67657B6-0A6C-443B-8264-670B82A8500C}.Debug|x86.ActiveCfg = Debug|Any CPU
		{D67657B6-0A6C-443B-8264-670B82A8500C}.Debug|x86.Build.0 = Debug|Any CPU
		{D67657B6-0A6C-443B-8264-670B82A8500C}.Release|Any CPU.ActiveCfg = Release|Any CPU
		{D67657B6-0A6C-443B-8264-670B82A8500C}.Release|Any CPU.Build.0 = Release|Any CPU
		{D67657B6-0A6C-443B-8264-670B82A8500C}.Release|x64.ActiveCfg = Release|Any CPU
		{D67657B6-0A6C-443B-8264-670B82A8500C}.Release|x64.Build.0 = Release|Any CPU
		{D67657B6-0A6C-443B-8264-670B82A8500C}.Release|x86.ActiveCfg = Release|Any CPU
		{D67657B6-0A6C-443B-8264-670B82A8500C}.Release|x86.Build.0 = Release|Any CPU
		{2B533ABC-0FA4-4BC4-864B-1A0642762393}.Debug|Any CPU.ActiveCfg = Debug|Any CPU
		{2B533ABC-0FA4-4BC4-864B-1A0642762393}.Debug|Any CPU.Build.0 = Debug|Any CPU
		{2B533ABC-0FA4-4BC4-864B-1A0642762393}.Debug|x64.ActiveCfg = Debug|Any CPU
		{2B533ABC-0FA4-4BC4-864B-1A0642762393}.Debug|x64.Build.0 = Debug|Any CPU
		{2B533ABC-0FA4-4BC4-864B-1A0642762393}.Debug|x86.ActiveCfg = Debug|Any CPU
		{2B533ABC-0FA4-4BC4-864B-1A0642762393}.Debug|x86.Build.0 = Debug|Any CPU
		{2B533ABC-0FA4-4BC4-864B-1A0642762393}.Release|Any CPU.ActiveCfg = Release|Any CPU
		{2B533ABC-0FA4-4BC4-864B-1A0642762393}.Release|Any CPU.Build.0 = Release|Any CPU
		{2B533ABC-0FA4-4BC4-864B-1A0642762393}.Release|x64.ActiveCfg = Release|Any CPU
		{2B533ABC-0FA4-4BC4-864B-1A0642762393}.Release|x64.Build.0 = Release|Any CPU
		{2B533ABC-0FA4-4BC4-864B-1A0642762393}.Release|x86.ActiveCfg = Release|Any CPU
		{2B533ABC-0FA4-4BC4-864B-1A0642762393}.Release|x86.Build.0 = Release|Any CPU
		{F9D51A65-7F4B-4C60-B0D6-50164185A5D6}.Debug|Any CPU.ActiveCfg = Debug|Any CPU
		{F9D51A65-7F4B-4C60-B0D6-50164185A5D6}.Debug|Any CPU.Build.0 = Debug|Any CPU
		{F9D51A65-7F4B-4C60-B0D6-50164185A5D6}.Debug|x64.ActiveCfg = Debug|Any CPU
		{F9D51A65-7F4B-4C60-B0D6-50164185A5D6}.Debug|x64.Build.0 = Debug|Any CPU
		{F9D51A65-7F4B-4C60-B0D6-50164185A5D6}.Debug|x86.ActiveCfg = Debug|Any CPU
		{F9D51A65-7F4B-4C60-B0D6-50164185A5D6}.Debug|x86.Build.0 = Debug|Any CPU
		{F9D51A65-7F4B-4C60-B0D6-50164185A5D6}.Release|Any CPU.ActiveCfg = Release|Any CPU
		{F9D51A65-7F4B-4C60-B0D6-50164185A5D6}.Release|Any CPU.Build.0 = Release|Any CPU
		{F9D51A65-7F4B-4C60-B0D6-50164185A5D6}.Release|x64.ActiveCfg = Release|Any CPU
		{F9D51A65-7F4B-4C60-B0D6-50164185A5D6}.Release|x64.Build.0 = Release|Any CPU
		{F9D51A65-7F4B-4C60-B0D6-50164185A5D6}.Release|x86.ActiveCfg = Release|Any CPU
		{F9D51A65-7F4B-4C60-B0D6-50164185A5D6}.Release|x86.Build.0 = Release|Any CPU
		{5D4AA570-7D20-43E4-BD02-4C343F48FD7D}.Debug|Any CPU.ActiveCfg = Debug|Any CPU
		{5D4AA570-7D20-43E4-BD02-4C343F48FD7D}.Debug|Any CPU.Build.0 = Debug|Any CPU
		{5D4AA570-7D20-43E4-BD02-4C343F48FD7D}.Debug|x64.ActiveCfg = Debug|Any CPU
		{5D4AA570-7D20-43E4-BD02-4C343F48FD7D}.Debug|x64.Build.0 = Debug|Any CPU
		{5D4AA570-7D20-43E4-BD02-4C343F48FD7D}.Debug|x86.ActiveCfg = Debug|Any CPU
		{5D4AA570-7D20-43E4-BD02-4C343F48FD7D}.Debug|x86.Build.0 = Debug|Any CPU
		{5D4AA570-7D20-43E4-BD02-4C343F48FD7D}.Release|Any CPU.ActiveCfg = Release|Any CPU
		{5D4AA570-7D20-43E4-BD02-4C343F48FD7D}.Release|Any CPU.Build.0 = Release|Any CPU
		{5D4AA570-7D20-43E4-BD02-4C343F48FD7D}.Release|x64.ActiveCfg = Release|Any CPU
		{5D4AA570-7D20-43E4-BD02-4C343F48FD7D}.Release|x64.Build.0 = Release|Any CPU
		{5D4AA570-7D20-43E4-BD02-4C343F48FD7D}.Release|x86.ActiveCfg = Release|Any CPU
		{5D4AA570-7D20-43E4-BD02-4C343F48FD7D}.Release|x86.Build.0 = Release|Any CPU
		{D9A91FE2-B52B-45FF-8BEC-4968C734574C}.Debug|Any CPU.ActiveCfg = Debug|Any CPU
		{D9A91FE2-B52B-45FF-8BEC-4968C734574C}.Debug|Any CPU.Build.0 = Debug|Any CPU
		{D9A91FE2-B52B-45FF-8BEC-4968C734574C}.Debug|x64.ActiveCfg = Debug|Any CPU
		{D9A91FE2-B52B-45FF-8BEC-4968C734574C}.Debug|x64.Build.0 = Debug|Any CPU
		{D9A91FE2-B52B-45FF-8BEC-4968C734574C}.Debug|x86.ActiveCfg = Debug|Any CPU
		{D9A91FE2-B52B-45FF-8BEC-4968C734574C}.Debug|x86.Build.0 = Debug|Any CPU
		{D9A91FE2-B52B-45FF-8BEC-4968C734574C}.Release|Any CPU.ActiveCfg = Release|Any CPU
		{D9A91FE2-B52B-45FF-8BEC-4968C734574C}.Release|Any CPU.Build.0 = Release|Any CPU
		{D9A91FE2-B52B-45FF-8BEC-4968C734574C}.Release|x64.ActiveCfg = Release|Any CPU
		{D9A91FE2-B52B-45FF-8BEC-4968C734574C}.Release|x64.Build.0 = Release|Any CPU
		{D9A91FE2-B52B-45FF-8BEC-4968C734574C}.Release|x86.ActiveCfg = Release|Any CPU
		{D9A91FE2-B52B-45FF-8BEC-4968C734574C}.Release|x86.Build.0 = Release|Any CPU
		{60ADD522-4A13-4EF1-B99D-D111CD83332E}.Debug|Any CPU.ActiveCfg = Debug|Any CPU
		{60ADD522-4A13-4EF1-B99D-D111CD83332E}.Debug|Any CPU.Build.0 = Debug|Any CPU
		{60ADD522-4A13-4EF1-B99D-D111CD83332E}.Debug|x64.ActiveCfg = Debug|Any CPU
		{60ADD522-4A13-4EF1-B99D-D111CD83332E}.Debug|x64.Build.0 = Debug|Any CPU
		{60ADD522-4A13-4EF1-B99D-D111CD83332E}.Debug|x86.ActiveCfg = Debug|Any CPU
		{60ADD522-4A13-4EF1-B99D-D111CD83332E}.Debug|x86.Build.0 = Debug|Any CPU
		{60ADD522-4A13-4EF1-B99D-D111CD83332E}.Release|Any CPU.ActiveCfg = Release|Any CPU
		{60ADD522-4A13-4EF1-B99D-D111CD83332E}.Release|Any CPU.Build.0 = Release|Any CPU
		{60ADD522-4A13-4EF1-B99D-D111CD83332E}.Release|x64.ActiveCfg = Release|Any CPU
		{60ADD522-4A13-4EF1-B99D-D111CD83332E}.Release|x64.Build.0 = Release|Any CPU
		{60ADD522-4A13-4EF1-B99D-D111CD83332E}.Release|x86.ActiveCfg = Release|Any CPU
		{60ADD522-4A13-4EF1-B99D-D111CD83332E}.Release|x86.Build.0 = Release|Any CPU
		{ADC3A3AA-7F56-4D4D-A4C1-72DD569AFF6E}.Debug|Any CPU.ActiveCfg = Debug|Any CPU
		{ADC3A3AA-7F56-4D4D-A4C1-72DD569AFF6E}.Debug|Any CPU.Build.0 = Debug|Any CPU
		{ADC3A3AA-7F56-4D4D-A4C1-72DD569AFF6E}.Debug|x64.ActiveCfg = Debug|Any CPU
		{ADC3A3AA-7F56-4D4D-A4C1-72DD569AFF6E}.Debug|x64.Build.0 = Debug|Any CPU
		{ADC3A3AA-7F56-4D4D-A4C1-72DD569AFF6E}.Debug|x86.ActiveCfg = Debug|Any CPU
		{ADC3A3AA-7F56-4D4D-A4C1-72DD569AFF6E}.Debug|x86.Build.0 = Debug|Any CPU
		{ADC3A3AA-7F56-4D4D-A4C1-72DD569AFF6E}.Release|Any CPU.ActiveCfg = Release|Any CPU
		{ADC3A3AA-7F56-4D4D-A4C1-72DD569AFF6E}.Release|Any CPU.Build.0 = Release|Any CPU
		{ADC3A3AA-7F56-4D4D-A4C1-72DD569AFF6E}.Release|x64.ActiveCfg = Release|Any CPU
		{ADC3A3AA-7F56-4D4D-A4C1-72DD569AFF6E}.Release|x64.Build.0 = Release|Any CPU
		{ADC3A3AA-7F56-4D4D-A4C1-72DD569AFF6E}.Release|x86.ActiveCfg = Release|Any CPU
		{ADC3A3AA-7F56-4D4D-A4C1-72DD569AFF6E}.Release|x86.Build.0 = Release|Any CPU
		{75BAD0D9-D099-48D5-9763-26FA99AA9F5D}.Debug|Any CPU.ActiveCfg = Debug|Any CPU
		{75BAD0D9-D099-48D5-9763-26FA99AA9F5D}.Debug|Any CPU.Build.0 = Debug|Any CPU
		{75BAD0D9-D099-48D5-9763-26FA99AA9F5D}.Debug|x64.ActiveCfg = Debug|Any CPU
		{75BAD0D9-D099-48D5-9763-26FA99AA9F5D}.Debug|x64.Build.0 = Debug|Any CPU
		{75BAD0D9-D099-48D5-9763-26FA99AA9F5D}.Debug|x86.ActiveCfg = Debug|Any CPU
		{75BAD0D9-D099-48D5-9763-26FA99AA9F5D}.Debug|x86.Build.0 = Debug|Any CPU
		{75BAD0D9-D099-48D5-9763-26FA99AA9F5D}.Release|Any CPU.ActiveCfg = Release|Any CPU
		{75BAD0D9-D099-48D5-9763-26FA99AA9F5D}.Release|Any CPU.Build.0 = Release|Any CPU
		{75BAD0D9-D099-48D5-9763-26FA99AA9F5D}.Release|x64.ActiveCfg = Release|Any CPU
		{75BAD0D9-D099-48D5-9763-26FA99AA9F5D}.Release|x64.Build.0 = Release|Any CPU
		{75BAD0D9-D099-48D5-9763-26FA99AA9F5D}.Release|x86.ActiveCfg = Release|Any CPU
		{75BAD0D9-D099-48D5-9763-26FA99AA9F5D}.Release|x86.Build.0 = Release|Any CPU
		{4821E308-B24C-4BBD-A4E5-2C903B408136}.Debug|Any CPU.ActiveCfg = Debug|Any CPU
		{4821E308-B24C-4BBD-A4E5-2C903B408136}.Debug|Any CPU.Build.0 = Debug|Any CPU
		{4821E308-B24C-4BBD-A4E5-2C903B408136}.Debug|x64.ActiveCfg = Debug|Any CPU
		{4821E308-B24C-4BBD-A4E5-2C903B408136}.Debug|x64.Build.0 = Debug|Any CPU
		{4821E308-B24C-4BBD-A4E5-2C903B408136}.Debug|x86.ActiveCfg = Debug|Any CPU
		{4821E308-B24C-4BBD-A4E5-2C903B408136}.Debug|x86.Build.0 = Debug|Any CPU
		{4821E308-B24C-4BBD-A4E5-2C903B408136}.Release|Any CPU.ActiveCfg = Release|Any CPU
		{4821E308-B24C-4BBD-A4E5-2C903B408136}.Release|Any CPU.Build.0 = Release|Any CPU
		{4821E308-B24C-4BBD-A4E5-2C903B408136}.Release|x64.ActiveCfg = Release|Any CPU
		{4821E308-B24C-4BBD-A4E5-2C903B408136}.Release|x64.Build.0 = Release|Any CPU
		{4821E308-B24C-4BBD-A4E5-2C903B408136}.Release|x86.ActiveCfg = Release|Any CPU
		{4821E308-B24C-4BBD-A4E5-2C903B408136}.Release|x86.Build.0 = Release|Any CPU
	EndGlobalSection
	GlobalSection(SolutionProperties) = preSolution
		HideSolutionNode = FALSE
	EndGlobalSection
	GlobalSection(NestedProjects) = preSolution
		{D67657B6-0A6C-443B-8264-670B82A8500C} = {FAFAAA3B-5C76-4A2D-947B-BF44794E01A1}
		{2B533ABC-0FA4-4BC4-864B-1A0642762393} = {A4D15232-2172-4D84-9710-E9400A7232BA}
		{F9D51A65-7F4B-4C60-B0D6-50164185A5D6} = {A4D15232-2172-4D84-9710-E9400A7232BA}
		{5D4AA570-7D20-43E4-BD02-4C343F48FD7D} = {A4D15232-2172-4D84-9710-E9400A7232BA}
		{D9A91FE2-B52B-45FF-8BEC-4968C734574C} = {A4D15232-2172-4D84-9710-E9400A7232BA}
		{60ADD522-4A13-4EF1-B99D-D111CD83332E} = {A4D15232-2172-4D84-9710-E9400A7232BA}
		{ADC3A3AA-7F56-4D4D-A4C1-72DD569AFF6E} = {A4D15232-2172-4D84-9710-E9400A7232BA}
		{75BAD0D9-D099-48D5-9763-26FA99AA9F5D} = {A4D15232-2172-4D84-9710-E9400A7232BA}
		{4821E308-B24C-4BBD-A4E5-2C903B408136} = {A4D15232-2172-4D84-9710-E9400A7232BA}
	EndGlobalSection
	GlobalSection(ExtensibilityGlobals) = postSolution
		SolutionGuid = {6506C878-BE83-4E8F-BADD-FCEA1EDB9DBF}
	EndGlobalSection
EndGlobal
